
Microsoft Visual Studio Solution File, Format Version 12.00
# Visual Studio 15
VisualStudioVersion = 15.0.28307.329
MinimumVisualStudioVersion = 10.0.40219.1
Project("{9A19103F-16F7-4668-BE54-9A1E7A4F7556}") = "ClickNCheck", "ClickNCheck\ClickNCheck.csproj", "{2222B8F3-3564-4E1F-B01C-95C5C2A5961F}"
EndProject
Project("{9A19103F-16F7-4668-BE54-9A1E7A4F7556}") = "ClickNCheck.test", "NUnitTestProject1\ClickNCheck.test.csproj", "{108EE02D-4252-46E3-94A0-A9A19410572A}"
EndProject
Project("{9A19103F-16F7-4668-BE54-9A1E7A4F7556}") = "checkStubClasses.test", "..\checkStubClasses\checkStubClasses.test\checkStubClasses.test.csproj", "{65801E6A-9170-4DAF-B8D2-04BED49C4B2F}"
EndProject
Global
	GlobalSection(SolutionConfigurationPlatforms) = preSolution
		Debug|Any CPU = Debug|Any CPU
		Release|Any CPU = Release|Any CPU
	EndGlobalSection
	GlobalSection(ProjectConfigurationPlatforms) = postSolution
		{2222B8F3-3564-4E1F-B01C-95C5C2A5961F}.Debug|Any CPU.ActiveCfg = Debug|Any CPU
		{2222B8F3-3564-4E1F-B01C-95C5C2A5961F}.Debug|Any CPU.Build.0 = Debug|Any CPU
		{2222B8F3-3564-4E1F-B01C-95C5C2A5961F}.Release|Any CPU.ActiveCfg = Release|Any CPU
		{2222B8F3-3564-4E1F-B01C-95C5C2A5961F}.Release|Any CPU.Build.0 = Release|Any CPU
		{108EE02D-4252-46E3-94A0-A9A19410572A}.Debug|Any CPU.ActiveCfg = Debug|Any CPU
		{108EE02D-4252-46E3-94A0-A9A19410572A}.Debug|Any CPU.Build.0 = Debug|Any CPU
		{108EE02D-4252-46E3-94A0-A9A19410572A}.Release|Any CPU.ActiveCfg = Release|Any CPU
		{108EE02D-4252-46E3-94A0-A9A19410572A}.Release|Any CPU.Build.0 = Release|Any CPU
		{65801E6A-9170-4DAF-B8D2-04BED49C4B2F}.Debug|Any CPU.ActiveCfg = Debug|Any CPU
		{65801E6A-9170-4DAF-B8D2-04BED49C4B2F}.Debug|Any CPU.Build.0 = Debug|Any CPU
		{65801E6A-9170-4DAF-B8D2-04BED49C4B2F}.Release|Any CPU.ActiveCfg = Release|Any CPU
		{65801E6A-9170-4DAF-B8D2-04BED49C4B2F}.Release|Any CPU.Build.0 = Release|Any CPU
	EndGlobalSection
	GlobalSection(SolutionProperties) = preSolution
		HideSolutionNode = FALSE
	EndGlobalSection
	GlobalSection(ExtensibilityGlobals) = postSolution
		SolutionGuid = {C685E638-7AF0-41B0-A79E-E77C23C3813F}
	EndGlobalSection
EndGlobal
